apiVersion: xforge.dev/v1alpha2
generatedProtocol: "2"
kind: Lock
paths:
  changes: xforge/changes
  contracts: xforge/contracts
  specs: xforge/specs
protocol: "2"
resources:
  - digest: 91410bf7c45455cd2d51857850841eddfba3dc9107c1d754abab7bbe4e53c98b
    id: integrator
    kind: agent
    license: project
    version: 2
  - digest: b20c2e992e387c1961814ec016c56d80709f579d24b8d99d4bf36c48e3390461
    id: reviewer
    kind: agent
    license: project
    version: 3
  - digest: d404ef51d9316e62ff878343bbb584dcd830ff5193812c5401cbdb3b3977183e
    id: worker
    kind: agent
    license: project
    version: 2
  - digest: 5c8002edf491245450f870a3a26ebca9af4612aa73a5b839806b7c7de9ac4caa
    id: check-findings
    kind: gate
    license: project
    version: 1
  - digest: 446780229cd7fb5c0f5655fba443dc07b36450ed95f2a7da55528cfd2c6bc959
    id: constitution-check
    kind: gate
    license: project
    version: 1
  - digest: 1e7340bc15888196970cf228b3be82d4f0cfab954f1153c34900f3794092ed3d
    id: security-scan
    kind: gate
    license: project
    version: 4
  - digest: 39a4adc3ccd641cbd900d17d3a4abaac397f30730de1d58bee86f0bf2d66e853
    id: structure
    kind: gate
    license: project
    version: 1
  - digest: ccce16517f55eda4117c70a79c947eab92453db4de216a1c4440e0e4f631bb2f
    id: unit-tests
    kind: gate
    license: project
    version: 4
  - digest: 112a767acd39c736087dcb62d73b68a4392364503efdc5d2605e917a47962685
    id: protected-files
    kind: permission-policy
    license: project
    version: 1
  - digest: e17df0fe5384399d0eae56515ff66a8e970134315b2c603a94db6f2c6a6145ef
    id: protected-manifest
    kind: permission-policy
    license: project
    version: 1
  - digest: 666654b5d7cafc29cb760dbb28ac9db6bf0170564171dfd3ec5650c075e19970
    id: design-decisions-need-a-human
    kind: rule
    license: project
    version: 3
  - digest: 1545c1a714ea25c763ee8e3f4a1c9e5f406720ed6198329a9fa2a64da675850f
    id: design-within-the-declared-architecture
    kind: rule
    license: project
    version: 1
  - digest: 86c3a46185dc02dc3729a5f582f98ede3d175b3913de7ed9d445b7db63ff68e0
    id: governance-assets-are-integrator-only
    kind: rule
    license: project
    version: 1
  - digest: 31a19248041aedef5b83184209ecee32b5121fce98b9420b12848048ecfc3dc9
    id: observable-requirements-are-tested
    kind: rule
    license: project
    version: 1
  - digest: 6377d51cfbe4187fd79d86837a3da974a0219dab8a04647f22148d2609436053
    id: prefer-small-explicit-contracts
    kind: rule
    license: project
    version: 1
  - digest: ec29d19d015fe53c97000a6a2a673bc1fae0cd0236a7b2c200062cc8efb419e4
    id: project-context
    kind: script
    license: project
    version: 1
  - digest: 29ff3b8b1eb1a8c4db14b636d94d480f98e36b40975465814153c36dd732d758
    id: xforge-apply
    kind: skill
    license: project
    version: "1"
  - digest: d5f7fb0ef6046cac8d841cb43d06e3fc41ffdb83306c727441e531cef8d7284d
    id: xforge-architect
    kind: skill
    license: project
    version: "1"
  - digest: 18612c341a2914fbc1e3045d0450600541622ce9878d816b1524224d12fa0022
    id: xforge-check
    kind: skill
    license: project
    version: "1"
  - digest: d81bb45af58dfae4d2b715cf47b3d28f525bd31c6eda33f70c8d166ce130999f
    id: xforge-clarify
    kind: skill
    license: project
    version: "1"
  - digest: 6298532d91bf0f079d73c1f1325bb607c5ba77abca58d58744f4d5ce2e6ed660
    id: xforge-design
    kind: skill
    license: project
    version: "1"
  - digest: ec366ca03f685472406507bacfd51aa28aa6e0acefec0b0cede93e0770c4d698
    id: xforge-kanban
    kind: skill
    license: project
    version: "1"
  - digest: c35ff9d7a4194ae1f796a6a6d582afd58e760593a6610d7f9fed582b9bf5eb37
    id: xforge-propose
    kind: skill
    license: project
    version: "1"
  - digest: c95f0a282a3553ca807a136fcc4d67ec7b75e43b498f2f13aacbd54073c048ca
    id: xforge-revise
    kind: skill
    license: project
    version: "1"
  - digest: a36617675ad3b8206be5b61319f5270e6d33582db54e79c41b696d9ebbfe45f7
    id: xforge-scaffold
    kind: skill
    license: project
    version: "1"
  - digest: d8b728179c9843acebca14156b09d6c5357a273d923b208acdfd3a8fd8cc0db5
    id: xforge-status
    kind: skill
    license: project
    version: "1"
  - digest: 9c21683533c777c01aad82dd8c0901ff19d59b6a229c0430d0de62c0346aff7b
    id: xforge-upgrade-scaffold
    kind: skill
    license: project
    version: "1"
  - digest: 441d28b4da6796751b468eb2bd4604c4ba1461989fcaecc36b3834426606cf1d
    id: xforge-verify
    kind: skill
    license: project
    version: "1"
scaffold:
  language: en
  source:
    package: "@xforge/cli"
    type: npm
    version: 0.8.1
  version: 0.8.1
targets:
  - codex
  - claude
  - cursor
  - opencode
  - github-copilot
xforge:
  integrity: sha256:149de777912de3c373493f8c611f22a92966e8caa5d352591c1a6395200282b0
  package: "@xforge/cli"
  protocol: "2"
  source: npm
  version: 0.8.1
