apiVersion: xforge.dev/v1alpha2
generatedProtocol: "2"
kind: Lock
paths:
  changes: xforge/changes
  specs: xforge/specs
protocol: "2"
resources:
  - digest: 85a05b5894b5c74fa5d1ff003937c2fe0431046cbf3ec59398526df268021ab0
    id: integrator
    kind: agent
    license: project
    version: 2
  - digest: 3f43b63ee90e120726b1507f9b85e22b648433beb9218c9cebd4e015f87b55b0
    id: reviewer
    kind: agent
    license: project
    version: 2
  - digest: e8d74b04357a46e764e5945e57a5fbb8723e2f78932b3d71415c730798e1950d
    id: worker
    kind: agent
    license: project
    version: 2
  - digest: 422072bcaf0441808b131b5f9ceb0277e90262387253ca79daa68e16ae2571ad
    id: security-scan
    kind: gate
    license: project
    version: 1
  - digest: 25ff82152311f0ceddf12f9f09ceb2ed4609a8429c1ed595dee8925cce2b4358
    id: structure
    kind: gate
    license: project
    version: 1
  - digest: 4a76cb31fdae41e88e4aa1866d93aa32cacb6b9327704269e5b5136dc09091a1
    id: unit-tests
    kind: gate
    license: project
    version: 1
  - digest: 8371e2ba4c6ded537c772159f0e5f01fa58ec80256a09ddea776bae782ea17eb
    id: runtime-audit
    kind: hook
    license: project
    version: 1
  - digest: 9f2c7277131e5647b286548543643f4368fed79769d2a04eeb08c0b98adf354e
    id: protected-files
    kind: permission-policy
    license: project
    version: 1
  - digest: ec29d19d015fe53c97000a6a2a673bc1fae0cd0236a7b2c200062cc8efb419e4
    id: project-context
    kind: script
    license: project
    version: 1
  - digest: 8b171ca8dd4ad3c56208da9087fe125fa1714745c672e196f2f7d29e71831e26
    id: xforge-apply
    kind: skill
    license: MIT
    version: "3.0"
  - digest: 7116246a70ae9c7d96fa5869e7f831fc5215fcb4572d0429de455c548b8bd453
    id: xforge-archive
    kind: skill
    license: MIT
    version: "3.0"
  - digest: 1330a853e20882c959e26646408da463ec7b0274485c4c9f0cb2f36c46a2ef36
    id: xforge-check
    kind: skill
    license: MIT
    version: "3.0"
  - digest: 47cc9399ca2023be07abaf7132729a1314e0b0867757c7ce4286230bb447fd9a
    id: xforge-clarify
    kind: skill
    license: MIT
    version: "3.0"
  - digest: ffca7293312277eeed3aafd354153e3ad2856b897d9451aa0189babb64c8de17
    id: xforge-continue
    kind: skill
    license: MIT
    version: "3.0"
  - digest: ff0efe63c097300bd56c1b1a54dbd6c0d6e2085f3e3bb1dee6f710f1acafc26d
    id: xforge-design
    kind: skill
    license: MIT
    version: "3.0"
  - digest: c475cb0f08536c38251ebe99de14a81b6f478661ba9fdf73a24ffbfd6fd7a0e9
    id: xforge-explore
    kind: skill
    license: MIT
    version: "3.0"
  - digest: 89561b94ec580ca72a73439c0c7d05e3efffa7e18091d77ee309fd7f66cfde83
    id: xforge-propose
    kind: skill
    license: MIT
    version: "3.0"
  - digest: b6101555d0381387f01e7404b06e921b092be6d0be81678570b0cb91b15bb642
    id: xforge-revise
    kind: skill
    license: MIT
    version: "3.0"
  - digest: 9bbfca34c934976474623d000db7ea63377d96e0591d7d3b6d71d63ab41eb2c6
    id: xforge-scaffold
    kind: skill
    license: MIT
    version: "3.0"
  - digest: 9210af14bbd4ae1e7fd17916de5016cf96ce398fe29439f1b89a847a9cbdfceb
    id: xforge-status
    kind: skill
    license: MIT
    version: "3.0"
  - digest: e2f95bd53f6202f9851348c498b67c2bb4b0b381fa7bd03387fd48c0dd42a430
    id: xforge-verify
    kind: skill
    license: MIT
    version: "3.0"
scaffold:
  source:
    commit: 99b8726f67ad337e257a52fc606d296927097730
    repository: https://github.com/openatta/XForge.git
    type: git
  version: 0.4.0
targets:
  - codex
  - claude
  - cursor
  - opencode
  - github-copilot
xforge:
  integrity: sha256:c25fd63cc1a7830db9f46b169e94ca926c6682bcb6baa6b8fd59895ff226a9de
  package: "@xforge/cli"
  protocol: "2"
  source: npm
  version: 0.4.0
