apiVersion: xforge.dev/v1alpha2
generatedProtocol: "2"
kind: Lock
paths:
  changes: xforge/changes
  specs: xforge/specs
protocol: "2"
resources:
  - digest: 0189fde85dd70bca058b35797854b85e07bd0a8860f646d0c61948c8a4f87e1f
    id: integrator
    kind: agent
    license: project
    version: 2
  - digest: b223e4dc1ae7bea7d593617d7b158e26477e5815b00395ac8ef41e83bedfee93
    id: reviewer
    kind: agent
    license: project
    version: 3
  - digest: 8a89a541d97d63bbb5beb723552ffdc4d875ed889ff6b0ac4896a09c08dc4ca6
    id: worker
    kind: agent
    license: project
    version: 2
  - digest: 5c8002edf491245450f870a3a26ebca9af4612aa73a5b839806b7c7de9ac4caa
    id: check-findings
    kind: gate
    license: project
    version: 1
  - digest: 446780229cd7fb5c0f5655fba443dc07b36450ed95f2a7da55528cfd2c6bc959
    id: constitution-check
    kind: gate
    license: project
    version: 1
  - digest: 365a677fd481d8ab4e5a67f16f9b71b38d534e6bbec0137522846f631e162cd9
    id: security-scan
    kind: gate
    license: project
    version: 2
  - digest: 39a4adc3ccd641cbd900d17d3a4abaac397f30730de1d58bee86f0bf2d66e853
    id: structure
    kind: gate
    license: project
    version: 1
  - digest: f16fe2b054ff046e5b0555158b1fd92c414f2d3632ba9c8dc839293d6e6c25e7
    id: unit-tests
    kind: gate
    license: project
    version: 2
  - digest: 990f970191c3e163e4b76e4cb89aaad7e26853bb735eb3d4b64d24dee0c89dcf
    id: protected-files
    kind: permission-policy
    license: project
    version: 1
  - digest: e17df0fe5384399d0eae56515ff66a8e970134315b2c603a94db6f2c6a6145ef
    id: protected-manifest
    kind: permission-policy
    license: project
    version: 1
  - digest: 4f60cdab3c7c34a06f912d57404af898f7f6c71558a04738e5d2507327163b83
    id: design-decisions-need-a-human
    kind: rule
    license: project
    version: 1
  - digest: c0aba0ed91ef29e744f19ee9f93a374d4b73dd2d7f6518368ed1ce1836b8baba
    id: governance-assets-are-integrator-only
    kind: rule
    license: project
    version: 1
  - digest: 31a19248041aedef5b83184209ecee32b5121fce98b9420b12848048ecfc3dc9
    id: observable-requirements-are-tested
    kind: rule
    license: project
    version: 1
  - digest: 6377d51cfbe4187fd79d86837a3da974a0219dab8a04647f22148d2609436053
    id: prefer-small-explicit-contracts
    kind: rule
    license: project
    version: 1
  - digest: ec29d19d015fe53c97000a6a2a673bc1fae0cd0236a7b2c200062cc8efb419e4
    id: project-context
    kind: script
    license: project
    version: 1
  - digest: 6e0e8c2e28e499f79d2f51b3a4af5fe36f7ee77710cd882e7e646d253b2deaff
    id: xforge-apply
    kind: skill
    license: project
    version: "1"
  - digest: 30898b3b20382c751508d5e8c9d4d1ef17c856874833db9fb73f4d30b29e6053
    id: xforge-check
    kind: skill
    license: project
    version: "1"
  - digest: da400dcfb840be51ffe6356012d53b99462095a17d9c8081f21f057540540dcd
    id: xforge-clarify
    kind: skill
    license: project
    version: "1"
  - digest: 32e9f277b8603e92821e718d9a295baf1c3b63f8fc6683a236313be84411a816
    id: xforge-design
    kind: skill
    license: project
    version: "1"
  - digest: c9fefaa7407299a569496a88fff73f45fc4a6ba88dec5fa98c313f2042ba00fd
    id: xforge-kanban
    kind: skill
    license: project
    version: "1"
  - digest: af6caa142fa28330040929928eeb24d3639744ea32f9b3a2d8efbf9e69bc7710
    id: xforge-propose
    kind: skill
    license: project
    version: "1"
  - digest: f0ca1065ee5ee36fa2dcdbf05fc925897d7cbc12dde490924d0816eab5d08c72
    id: xforge-revise
    kind: skill
    license: project
    version: "1"
  - digest: 6a467665936cffbe75e5367c734cd73716f8819ad39ab39995dc6d74b425cd62
    id: xforge-scaffold
    kind: skill
    license: project
    version: "1"
  - digest: 0ef46eec213c722b9fc96bec1c10ab9d7edc8d083e349b488c4a97515785f6ef
    id: xforge-status
    kind: skill
    license: project
    version: "1"
  - digest: 429f22ddff8afa597669af7eadaefdb147fa13ab0fdd3314aced04be48dd718f
    id: xforge-verify
    kind: skill
    license: project
    version: "1"
scaffold:
  language: en
  source:
    package: "@xforge/cli"
    type: npm
    version: 0.7.10
  version: 0.7.10
targets:
  - codex
  - claude
  - cursor
  - opencode
  - github-copilot
xforge:
  integrity: sha256:bfa220142b7dec60f13d6167b7bd1d60bd8f5ae0418b8594d8fdf9609a59deec
  package: "@xforge/cli"
  protocol: "2"
  source: npm
  version: 0.7.10
